
Microsoft Visual Studio Solution File, Format Version 12.00
# Visual Studio Version 17
VisualStudioVersion = 17.5.33502.453
MinimumVisualStudioVersion = 10.0.40219.1
Project("{FAE04EC0-301F-11D3-BF4B-00C04F79EFBC}") = "statki", "statki\statki.csproj", "{EF488CD4-7221-4060-BDF9-5C9D563F925D}"
EndProject
Global
	GlobalSection(SolutionConfigurationPlatforms) = preSolution
		Debug|Any CPU = Debug|Any CPU
		Release|Any CPU = Release|Any CPU
	EndGlobalSection
	GlobalSection(ProjectConfigurationPlatforms) = postSolution
		{EF488CD4-7221-4060-BDF9-5C9D563F925D}.Debug|Any CPU.ActiveCfg = Debug|Any CPU
		{EF488CD4-7221-4060-BDF9-5C9D563F925D}.Debug|Any CPU.Build.0 = Debug|Any CPU
		{EF488CD4-7221-4060-BDF9-5C9D563F925D}.Release|Any CPU.ActiveCfg = Release|Any CPU
		{EF488CD4-7221-4060-BDF9-5C9D563F925D}.Release|Any CPU.Build.0 = Release|Any CPU
	EndGlobalSection
	GlobalSection(SolutionProperties) = preSolution
		HideSolutionNode = FALSE
	EndGlobalSection
	GlobalSection(ExtensibilityGlobals) = postSolution
		SolutionGuid = {66F9B17C-C1AF-4FE6-AF61-F5228D2D12A3}
	EndGlobalSection
EndGlobal
